// !$*UTF8*$!
{
	archiveVersion = 1;
	classes = {
	};
	objectVersion = 46;
	objects = {

/* Begin PBXBuildFile section */
		7092967A1A11650700C92E9C /* main.m in Sources */ = {isa = PBXBuildFile; fileRef = 709296791A11650700C92E9C /* main.m */; };
		7092967D1A11650700C92E9C /* AppDelegate.m in Sources */ = {isa = PBXBuildFile; fileRef = 7092967C1A11650700C92E9C /* AppDelegate.m */; };
		709296801A11650700C92E9C /* stackOverflowClient.xcdatamodeld in Sources */ = {isa = PBXBuildFile; fileRef = 7092967E1A11650700C92E9C /* stackOverflowClient.xcdatamodeld */; };
		709296831A11650700C92E9C /* ViewController.m in Sources */ = {isa = PBXBuildFile; fileRef = 709296821A11650700C92E9C /* ViewController.m */; };
		709296861A11650700C92E9C /* Main.storyboard in Resources */ = {isa = PBXBuildFile; fileRef = 709296841A11650700C92E9C /* Main.storyboard */; };
		709296881A11650700C92E9C /* Images.xcassets in Resources */ = {isa = PBXBuildFile; fileRef = 709296871A11650700C92E9C /* Images.xcassets */; };
		7092968B1A11650700C92E9C /* LaunchScreen.xib in Resources */ = {isa = PBXBuildFile; fileRef = 709296891A11650700C92E9C /* LaunchScreen.xib */; };
		709296971A11650700C92E9C /* stackOverflowClientTests.m in Sources */ = {isa = PBXBuildFile; fileRef = 709296961A11650700C92E9C /* stackOverflowClientTests.m */; };
		70B3F7FE1A11792D00A4FCDC /* SplitContainerViewController.m in Sources */ = {isa = PBXBuildFile; fileRef = 70B3F7FD1A11792D00A4FCDC /* SplitContainerViewController.m */; };
		70B3F8041A1179A500A4FCDC /* RootViewController.m in Sources */ = {isa = PBXBuildFile; fileRef = 70B3F8031A1179A500A4FCDC /* RootViewController.m */; };
		70B3F8071A117A8000A4FCDC /* QuestionViewController.m in Sources */ = {isa = PBXBuildFile; fileRef = 70B3F8061A117A8000A4FCDC /* QuestionViewController.m */; };
		70B3F80A1A117B7900A4FCDC /* Question.m in Sources */ = {isa = PBXBuildFile; fileRef = 70B3F8091A117B7900A4FCDC /* Question.m */; };
		70B3F80D1A117B8200A4FCDC /* User.m in Sources */ = {isa = PBXBuildFile; fileRef = 70B3F80C1A117B8200A4FCDC /* User.m */; };
/* End PBXBuildFile section */

/* Begin PBXContainerItemProxy section */
		709296911A11650700C92E9C /* PBXContainerItemProxy */ = {
			isa = PBXContainerItemProxy;
			containerPortal = 7092966C1A11650700C92E9C /* Project object */;
			proxyType = 1;
			remoteGlobalIDString = 709296731A11650700C92E9C;
			remoteInfo = stackOverflowClient;
		};
/* End PBXContainerItemProxy section */

/* Begin PBXFileReference section */
		709296741A11650700C92E9C /* stackOverflowClient.app */ = {isa = PBXFileReference; explicitFileType = wrapper.application; includeInIndex = 0; path = stackOverflowClient.app; sourceTree = BUILT_PRODUCTS_DIR; };
		709296781A11650700C92E9C /* Info.plist */ = {isa = PBXFileReference; lastKnownFileType = text.plist.xml; path = Info.plist; sourceTree = "<group>"; };
		709296791A11650700C92E9C /* main.m */ = {isa = PBXFileReference; lastKnownFileType = sourcecode.c.objc; path = main.m; sourceTree = "<group>"; };
		7092967B1A11650700C92E9C /* AppDelegate.h */ = {isa = PBXFileReference; lastKnownFileType = sourcecode.c.h; path = AppDelegate.h; sourceTree = "<group>"; };
		7092967C1A11650700C92E9C /* AppDelegate.m */ = {isa = PBXFileReference; lastKnownFileType = sourcecode.c.objc; path = AppDelegate.m; sourceTree = "<group>"; };
		7092967F1A11650700C92E9C /* stackOverflowClient.xcdatamodel */ = {isa = PBXFileReference; lastKnownFileType = wrapper.xcdatamodel; path = stackOverflowClient.xcdatamodel; sourceTree = "<group>"; };
		709296811A11650700C92E9C /* ViewController.h */ = {isa = PBXFileReference; lastKnownFileType = sourcecode.c.h; path = ViewController.h; sourceTree = "<group>"; };
		709296821A11650700C92E9C /* ViewController.m */ = {isa = PBXFileReference; lastKnownFileType = sourcecode.c.objc; path = ViewController.m; sourceTree = "<group>"; };
		709296851A11650700C92E9C /* Base */ = {isa = PBXFileReference; lastKnownFileType = file.storyboard; name = Base; path = Base.lproj/Main.storyboard; sourceTree = "<group>"; };
		709296871A11650700C92E9C /* Images.xcassets */ = {isa = PBXFileReference; lastKnownFileType = folder.assetcatalog; path = Images.xcassets; sourceTree = "<group>"; };
		7092968A1A11650700C92E9C /* Base */ = {isa = PBXFileReference; lastKnownFileType = file.xib; name = Base; path = Base.lproj/LaunchScreen.xib; sourceTree = "<group>"; };
		709296901A11650700C92E9C /* stackOverflowClientTests.xctest */ = {isa = PBXFileReference; explicitFileType = wrapper.cfbundle; includeInIndex = 0; path = stackOverflowClientTests.xctest; sourceTree = BUILT_PRODUCTS_DIR; };
		709296951A11650700C92E9C /* Info.plist */ = {isa = PBXFileReference; lastKnownFileType = text.plist.xml; path = Info.plist; sourceTree = "<group>"; };
		709296961A11650700C92E9C /* stackOverflowClientTests.m */ = {isa = PBXFileReference; lastKnownFileType = sourcecode.c.objc; path = stackOverflowClientTests.m; sourceTree = "<group>"; };
		70B3F7FC1A11792D00A4FCDC /* SplitContainerViewController.h */ = {isa = PBXFileReference; fileEncoding = 4; lastKnownFileType = sourcecode.c.h; path = SplitContainerViewController.h; sourceTree = "<group>"; };
		70B3F7FD1A11792D00A4FCDC /* SplitContainerViewController.m */ = {isa = PBXFileReference; fileEncoding = 4; lastKnownFileType = sourcecode.c.objc; path = SplitContainerViewController.m; sourceTree = "<group>"; };
		70B3F8021A1179A500A4FCDC /* RootViewController.h */ = {isa = PBXFileReference; fileEncoding = 4; lastKnownFileType = sourcecode.c.h; path = RootViewController.h; sourceTree = "<group>"; };
		70B3F8031A1179A500A4FCDC /* RootViewController.m */ = {isa = PBXFileReference; fileEncoding = 4; lastKnownFileType = sourcecode.c.objc; path = RootViewController.m; sourceTree = "<group>"; };
		70B3F8051A117A8000A4FCDC /* QuestionViewController.h */ = {isa = PBXFileReference; fileEncoding = 4; lastKnownFileType = sourcecode.c.h; path = QuestionViewController.h; sourceTree = "<group>"; };
		70B3F8061A117A8000A4FCDC /* QuestionViewController.m */ = {isa = PBXFileReference; fileEncoding = 4; lastKnownFileType = sourcecode.c.objc; path = QuestionViewController.m; sourceTree = "<group>"; };
		70B3F8081A117B7900A4FCDC /* Question.h */ = {isa = PBXFileReference; fileEncoding = 4; lastKnownFileType = sourcecode.c.h; path = Question.h; sourceTree = "<group>"; };
		70B3F8091A117B7900A4FCDC /* Question.m */ = {isa = PBXFileReference; fileEncoding = 4; lastKnownFileType = sourcecode.c.objc; path = Question.m; sourceTree = "<group>"; };
		70B3F80B1A117B8200A4FCDC /* User.h */ = {isa = PBXFileReference; fileEncoding = 4; lastKnownFileType = sourcecode.c.h; path = User.h; sourceTree = "<group>"; };
		70B3F80C1A117B8200A4FCDC /* User.m */ = {isa = PBXFileReference; fileEncoding = 4; lastKnownFileType = sourcecode.c.objc; path = User.m; sourceTree = "<group>"; };
/* End PBXFileReference section */

/* Begin PBXFrameworksBuildPhase section */
		709296711A11650700C92E9C /* Frameworks */ = {
			isa = PBXFrameworksBuildPhase;
			buildActionMask = 2147483647;
			files = (
			);
			runOnlyForDeploymentPostprocessing = 0;
		};
		7092968D1A11650700C92E9C /* Frameworks */ = {
			isa = PBXFrameworksBuildPhase;
			buildActionMask = 2147483647;
			files = (
			);
			runOnlyForDeploymentPostprocessing = 0;
		};
/* End PBXFrameworksBuildPhase section */

/* Begin PBXGroup section */
		7092966B1A11650700C92E9C = {
			isa = PBXGroup;
			children = (
				709296761A11650700C92E9C /* stackOverflowClient */,
				709296931A11650700C92E9C /* stackOverflowClientTests */,
				709296751A11650700C92E9C /* Products */,
			);
			sourceTree = "<group>";
		};
		709296751A11650700C92E9C /* Products */ = {
			isa = PBXGroup;
			children = (
				709296741A11650700C92E9C /* stackOverflowClient.app */,
				709296901A11650700C92E9C /* stackOverflowClientTests.xctest */,
			);
			name = Products;
			sourceTree = "<group>";
		};
		709296761A11650700C92E9C /* stackOverflowClient */ = {
			isa = PBXGroup;
			children = (
				70B3F7FB1A1178FE00A4FCDC /* Model */,
				70B3F7FA1A1178F100A4FCDC /* Controller */,
				7092967B1A11650700C92E9C /* AppDelegate.h */,
				7092967C1A11650700C92E9C /* AppDelegate.m */,
				709296841A11650700C92E9C /* Main.storyboard */,
				709296871A11650700C92E9C /* Images.xcassets */,
				709296891A11650700C92E9C /* LaunchScreen.xib */,
				7092967E1A11650700C92E9C /* stackOverflowClient.xcdatamodeld */,
				709296771A11650700C92E9C /* Supporting Files */,
			);
			path = stackOverflowClient;
			sourceTree = "<group>";
		};
		709296771A11650700C92E9C /* Supporting Files */ = {
			isa = PBXGroup;
			children = (
				709296781A11650700C92E9C /* Info.plist */,
				709296791A11650700C92E9C /* main.m */,
			);
			name = "Supporting Files";
			sourceTree = "<group>";
		};
		709296931A11650700C92E9C /* stackOverflowClientTests */ = {
			isa = PBXGroup;
			children = (
				709296961A11650700C92E9C /* stackOverflowClientTests.m */,
				709296941A11650700C92E9C /* Supporting Files */,
			);
			path = stackOverflowClientTests;
			sourceTree = "<group>";
		};
		709296941A11650700C92E9C /* Supporting Files */ = {
			isa = PBXGroup;
			children = (
				709296951A11650700C92E9C /* Info.plist */,
			);
			name = "Supporting Files";
			sourceTree = "<group>";
		};
		70B3F7FA1A1178F100A4FCDC /* Controller */ = {
			isa = PBXGroup;
			children = (
				709296811A11650700C92E9C /* ViewController.h */,
				709296821A11650700C92E9C /* ViewController.m */,
				70B3F7FC1A11792D00A4FCDC /* SplitContainerViewController.h */,
				70B3F7FD1A11792D00A4FCDC /* SplitContainerViewController.m */,
				70B3F8021A1179A500A4FCDC /* RootViewController.h */,
				70B3F8031A1179A500A4FCDC /* RootViewController.m */,
				70B3F8051A117A8000A4FCDC /* QuestionViewController.h */,
				70B3F8061A117A8000A4FCDC /* QuestionViewController.m */,
			);
			name = Controller;
			sourceTree = "<group>";
		};
		70B3F7FB1A1178FE00A4FCDC /* Model */ = {
			isa = PBXGroup;
			children = (
				70B3F8081A117B7900A4FCDC /* Question.h */,
				70B3F8091A117B7900A4FCDC /* Question.m */,
				70B3F80B1A117B8200A4FCDC /* User.h */,
				70B3F80C1A117B8200A4FCDC /* User.m */,
			);
			name = Model;
			sourceTree = "<group>";
		};
/* End PBXGroup section */

/* Begin PBXNativeTarget section */
		709296731A11650700C92E9C /* stackOverflowClient */ = {
			isa = PBXNativeTarget;
			buildConfigurationList = 7092969A1A11650700C92E9C /* Build configuration list for PBXNativeTarget "stackOverflowClient" */;
			buildPhases = (
				709296701A11650700C92E9C /* Sources */,
				709296711A11650700C92E9C /* Frameworks */,
				709296721A11650700C92E9C /* Resources */,
			);
			buildRules = (
			);
			dependencies = (
			);
			name = stackOverflowClient;
			productName = stackOverflowClient;
			productReference = 709296741A11650700C92E9C /* stackOverflowClient.app */;
			productType = "com.apple.product-type.application";
		};
		7092968F1A11650700C92E9C /* stackOverflowClientTests */ = {
			isa = PBXNativeTarget;
			buildConfigurationList = 7092969D1A11650700C92E9C /* Build configuration list for PBXNativeTarget "stackOverflowClientTests" */;
			buildPhases = (
				7092968C1A11650700C92E9C /* Sources */,
				7092968D1A11650700C92E9C /* Frameworks */,
				7092968E1A11650700C92E9C /* Resources */,
			);
			buildRules = (
			);
			dependencies = (
				709296921A11650700C92E9C /* PBXTargetDependency */,
			);
			name = stackOverflowClientTests;
			productName = stackOverflowClientTests;
			productReference = 709296901A11650700C92E9C /* stackOverflowClientTests.xctest */;
			productType = "com.apple.product-type.bundle.unit-test";
		};
/* End PBXNativeTarget section */

/* Begin PBXProject section */
		7092966C1A11650700C92E9C /* Project object */ = {
			isa = PBXProject;
			attributes = {
				LastUpgradeCheck = 0610;
				ORGANIZATIONNAME = Randall;
				TargetAttributes = {
					709296731A11650700C92E9C = {
						CreatedOnToolsVersion = 6.1;
					};
					7092968F1A11650700C92E9C = {
						CreatedOnToolsVersion = 6.1;
						TestTargetID = 709296731A11650700C92E9C;
					};
				};
			};
			buildConfigurationList = 7092966F1A11650700C92E9C /* Build configuration list for PBXProject "stackOverflowClient" */;
			compatibilityVersion = "Xcode 3.2";
			developmentRegion = English;
			hasScannedForEncodings = 0;
			knownRegions = (
				en,
				Base,
			);
			mainGroup = 7092966B1A11650700C92E9C;
			productRefGroup = 709296751A11650700C92E9C /* Products */;
			projectDirPath = "";
			projectRoot = "";
			targets = (
				709296731A11650700C92E9C /* stackOverflowClient */,
				7092968F1A11650700C92E9C /* stackOverflowClientTests */,
			);
		};
/* End PBXProject section */

/* Begin PBXResourcesBuildPhase section */
		709296721A11650700C92E9C /* Resources */ = {
			isa = PBXResourcesBuildPhase;
			buildActionMask = 2147483647;
			files = (
				709296861A11650700C92E9C /* Main.storyboard in Resources */,
				7092968B1A11650700C92E9C /* LaunchScreen.xib in Resources */,
				709296881A11650700C92E9C /* Images.xcassets in Resources */,
			);
			runOnlyForDeploymentPostprocessing = 0;
		};
		7092968E1A11650700C92E9C /* Resources */ = {
			isa = PBXResourcesBuildPhase;
			buildActionMask = 2147483647;
			files = (
			);
			runOnlyForDeploymentPostprocessing = 0;
		};
/* End PBXResourcesBuildPhase section */

/* Begin PBXSourcesBuildPhase section */
		709296701A11650700C92E9C /* Sources */ = {
			isa = PBXSourcesBuildPhase;
			buildActionMask = 2147483647;
			files = (
				70B3F7FE1A11792D00A4FCDC /* SplitContainerViewController.m in Sources */,
				7092967D1A11650700C92E9C /* AppDelegate.m in Sources */,
				70B3F80D1A117B8200A4FCDC /* User.m in Sources */,
				70B3F8041A1179A500A4FCDC /* RootViewController.m in Sources */,
				70B3F8071A117A8000A4FCDC /* QuestionViewController.m in Sources */,
				7092967A1A11650700C92E9C /* main.m in Sources */,
				70B3F80A1A117B7900A4FCDC /* Question.m in Sources */,
				709296831A11650700C92E9C /* ViewController.m in Sources */,
				709296801A11650700C92E9C /* stackOverflowClient.xcdatamodeld in Sources */,
			);
			runOnlyForDeploymentPostprocessing = 0;
		};
		7092968C1A11650700C92E9C /* Sources */ = {
			isa = PBXSourcesBuildPhase;
			buildActionMask = 2147483647;
			files = (
				709296971A11650700C92E9C /* stackOverflowClientTests.m in Sources */,
			);
			runOnlyForDeploymentPostprocessing = 0;
		};
/* End PBXSourcesBuildPhase section */

/* Begin PBXTargetDependency section */
		709296921A11650700C92E9C /* PBXTargetDependency */ = {
			isa = PBXTargetDependency;
			target = 709296731A11650700C92E9C /* stackOverflowClient */;
			targetProxy = 709296911A11650700C92E9C /* PBXContainerItemProxy */;
		};
/* End PBXTargetDependency section */

/* Begin PBXVariantGroup section */
		709296841A11650700C92E9C /* Main.storyboard */ = {
			isa = PBXVariantGroup;
			children = (
				709296851A11650700C92E9C /* Base */,
			);
			name = Main.storyboard;
			sourceTree = "<group>";
		};
		709296891A11650700C92E9C /* LaunchScreen.xib */ = {
			isa = PBXVariantGroup;
			children = (
				7092968A1A11650700C92E9C /* Base */,
			);
			name = LaunchScreen.xib;
			sourceTree = "<group>";
		};
/* End PBXVariantGroup section */

/* Begin XCBuildConfiguration section */
		709296981A11650700C92E9C /* Debug */ = {
			isa = XCBuildConfiguration;
			buildSettings = {
				ALWAYS_SEARCH_USER_PATHS = NO;
				CLANG_CXX_LANGUAGE_STANDARD = "gnu++0x";
				CLANG_CXX_LIBRARY = "libc++";
				CLANG_ENABLE_MODULES = YES;
				CLANG_ENABLE_OBJC_ARC = YES;
				CLANG_WARN_BOOL_CONVERSION = YES;
				CLANG_WARN_CONSTANT_CONVERSION = YES;
				CLANG_WARN_DIRECT_OBJC_ISA_USAGE = YES_ERROR;
				CLANG_WARN_EMPTY_BODY = YES;
				CLANG_WARN_ENUM_CONVERSION = YES;
				CLANG_WARN_INT_CONVERSION = YES;
				CLANG_WARN_OBJC_ROOT_CLASS = YES_ERROR;
				CLANG_WARN_UNREACHABLE_CODE = YES;
				CLANG_WARN__DUPLICATE_METHOD_MATCH = YES;
				"CODE_SIGN_IDENTITY[sdk=iphoneos*]" = "iPhone Developer";
				COPY_PHASE_STRIP = NO;
				ENABLE_STRICT_OBJC_MSGSEND = YES;
				GCC_C_LANGUAGE_STANDARD = gnu99;
				GCC_DYNAMIC_NO_PIC = NO;
				GCC_OPTIMIZATION_LEVEL = 0;
				GCC_PREPROCESSOR_DEFINITIONS = (
					"DEBUG=1",
					"$(inherited)",
				);
				GCC_SYMBOLS_PRIVATE_EXTERN = NO;
				GCC_WARN_64_TO_32_BIT_CONVERSION = YES;
				GCC_WARN_ABOUT_RETURN_TYPE = YES_ERROR;
				GCC_WARN_UNDECLARED_SELECTOR = YES;
				GCC_WARN_UNINITIALIZED_AUTOS = YES_AGGRESSIVE;
				GCC_WARN_UNUSED_FUNCTION = YES;
				GCC_WARN_UNUSED_VARIABLE = YES;
				IPHONEOS_DEPLOYMENT_TARGET = 8.1;
				MTL_ENABLE_DEBUG_INFO = YES;
				ONLY_ACTIVE_ARCH = YES;
				SDKROOT = iphoneos;
				TARGETED_DEVICE_FAMILY = "1,2";
			};
			name = Debug;
		};
		709296991A11650700C92E9C /* Release */ = {
			isa = XCBuildConfiguration;
			buildSettings = {
				ALWAYS_SEARCH_USER_PATHS = NO;
				CLANG_CXX_LANGUAGE_STANDARD = "gnu++0x";
				CLANG_CXX_LIBRARY = "libc++";
				CLANG_ENABLE_MODULES = YES;
				CLANG_ENABLE_OBJC_ARC = YES;
				CLANG_WARN_BOOL_CONVERSION = YES;
				CLANG_WARN_CONSTANT_CONVERSION = YES;
				CLANG_WARN_DIRECT_OBJC_ISA_USAGE = YES_ERROR;
				CLANG_WARN_EMPTY_BODY = YES;
				CLANG_WARN_ENUM_CONVERSION = YES;
				CLANG_WARN_INT_CONVERSION = YES;
				CLANG_WARN_OBJC_ROOT_CLASS = YES_ERROR;
				CLANG_WARN_UNREACHABLE_CODE = YES;
				CLANG_WARN__DUPLICATE_METHOD_MATCH = YES;
				"CODE_SIGN_IDENTITY[sdk=iphoneos*]" = "iPhone Developer";
				COPY_PHASE_STRIP = YES;
				ENABLE_NS_ASSERTIONS = NO;
				ENABLE_STRICT_OBJC_MSGSEND = YES;
				GCC_C_LANGUAGE_STANDARD = gnu99;
				GCC_WARN_64_TO_32_BIT_CONVERSION = YES;
				GCC_WARN_ABOUT_RETURN_TYPE = YES_ERROR;
				GCC_WARN_UNDECLARED_SELECTOR = YES;
				GCC_WARN_UNINITIALIZED_AUTOS = YES_AGGRESSIVE;
				GCC_WARN_UNUSED_FUNCTION = YES;
				GCC_WARN_UNUSED_VARIABLE = YES;
				IPHONEOS_DEPLOYMENT_TARGET = 8.1;
				MTL_ENABLE_DEBUG_INFO = NO;
				SDKROOT = iphoneos;
				TARGETED_DEVICE_FAMILY = "1,2";
				VALIDATE_PRODUCT = YES;
			};
			name = Release;
		};
		7092969B1A11650700C92E9C /* Debug */ = {
			isa = XCBuildConfiguration;
			buildSettings = {
				ASSETCATALOG_COMPILER_APPICON_NAME = AppIcon;
				INFOPLIST_FILE = stackOverflowClient/Info.plist;
				LD_RUNPATH_SEARCH_PATHS = "$(inherited) @executable_path/Frameworks";
				PRODUCT_NAME = "$(TARGET_NAME)";
			};
			name = Debug;
		};
		7092969C1A11650700C92E9C /* Release */ = {
			isa = XCBuildConfiguration;
			buildSettings = {
				ASSETCATALOG_COMPILER_APPICON_NAME = AppIcon;
				INFOPLIST_FILE = stackOverflowClient/Info.plist;
				LD_RUNPATH_SEARCH_PATHS = "$(inherited) @executable_path/Frameworks";
				PRODUCT_NAME = "$(TARGET_NAME)";
			};
			name = Release;
		};
		7092969E1A11650700C92E9C /* Debug */ = {
			isa = XCBuildConfiguration;
			buildSettings = {
				BUNDLE_LOADER = "$(TEST_HOST)";
				FRAMEWORK_SEARCH_PATHS = (
					"$(SDKROOT)/Developer/Library/Frameworks",
					"$(inherited)",
				);
				GCC_PREPROCESSOR_DEFINITIONS = (
					"DEBUG=1",
					"$(inherited)",
				);
				INFOPLIST_FILE = stackOverflowClientTests/Info.plist;
				LD_RUNPATH_SEARCH_PATHS = "$(inherited) @executable_path/Frameworks @loader_path/Frameworks";
				PRODUCT_NAME = "$(TARGET_NAME)";
				TEST_HOST = "$(BUILT_PRODUCTS_DIR)/stackOverflowClient.app/stackOverflowClient";
			};
			name = Debug;
		};
		7092969F1A11650700C92E9C /* Release */ = {
			isa = XCBuildConfiguration;
			buildSettings = {
				BUNDLE_LOADER = "$(TEST_HOST)";
				FRAMEWORK_SEARCH_PATHS = (
					"$(SDKROOT)/Developer/Library/Frameworks",
					"$(inherited)",
				);
				INFOPLIST_FILE = stackOverflowClientTests/Info.plist;
				LD_RUNPATH_SEARCH_PATHS = "$(inherited) @executable_path/Frameworks @loader_path/Frameworks";
				PRODUCT_NAME = "$(TARGET_NAME)";
				TEST_HOST = "$(BUILT_PRODUCTS_DIR)/stackOverflowClient.app/stackOverflowClient";
			};
			name = Release;
		};
/* End XCBuildConfiguration section */

/* Begin XCConfigurationList section */
		7092966F1A11650700C92E9C /* Build configuration list for PBXProject "stackOverflowClient" */ = {
			isa = XCConfigurationList;
			buildConfigurations = (
				709296981A11650700C92E9C /* Debug */,
				709296991A11650700C92E9C /* Release */,
			);
			defaultConfigurationIsVisible = 0;
			defaultConfigurationName = Release;
		};
		7092969A1A11650700C92E9C /* Build configuration list for PBXNativeTarget "stackOverflowClient" */ = {
			isa = XCConfigurationList;
			buildConfigurations = (
				7092969B1A11650700C92E9C /* Debug */,
				7092969C1A11650700C92E9C /* Release */,
			);
			defaultConfigurationIsVisible = 0;
			defaultConfigurationName = Release;
		};
		7092969D1A11650700C92E9C /* Build configuration list for PBXNativeTarget "stackOverflowClientTests" */ = {
			isa = XCConfigurationList;
			buildConfigurations = (
				7092969E1A11650700C92E9C /* Debug */,
				7092969F1A11650700C92E9C /* Release */,
			);
			defaultConfigurationIsVisible = 0;
			defaultConfigurationName = Release;
		};
/* End XCConfigurationList section */

/* Begin XCVersionGroup section */
		7092967E1A11650700C92E9C /* stackOverflowClient.xcdatamodeld */ = {
			isa = XCVersionGroup;
			children = (
				7092967F1A11650700C92E9C /* stackOverflowClient.xcdatamodel */,
			);
			currentVersion = 7092967F1A11650700C92E9C /* stackOverflowClient.xcdatamodel */;
			path = stackOverflowClient.xcdatamodeld;
			sourceTree = "<group>";
			versionGroupType = wrapper.xcdatamodel;
		};
/* End XCVersionGroup section */
	};
	rootObject = 7092966C1A11650700C92E9C /* Project object */;
}
